{
    "_readme": [
        "This file locks the dependencies of your project to a known state",
        "Read more about it at https://getcomposer.org/doc/01-basic-usage.md#installing-dependencies",
        "This file is @generated automatically"
    ],
    "content-hash": "f0f723751ad48af984f4507e4aa14cdc",
    "packages": [
        {
            "name": "itmar/wpsetting-class-package",
            "version": "v1.0.3",
            "source": {
                "type": "git",
                "url": "https://github.com/itmaroon/wpsetting-class-package.git",
                "reference": "b1387c8d0fcc5440eb11c2ee35604a3d3ee47763"
            },
            "dist": {
                "type": "zip",
                "url": "https://api.github.com/repos/itmaroon/wpsetting-class-package/zipball/b1387c8d0fcc5440eb11c2ee35604a3d3ee47763",
                "reference": "b1387c8d0fcc5440eb11c2ee35604a3d3ee47763",
                "shasum": ""
            },
            "type": "library",
            "autoload": {
                "psr-4": {
                    "Itmar\\WpSettingClassPackage\\": "src/"
                }
            },
            "notification-url": "https://packagist.org/downloads/",
            "license": [
                "MIT"
            ],
            "authors": [
                {
                    "name": "itmaroon",
                    "email": "master@itmaroon.net"
                }
            ],
            "description": "This package contains classes that provide a GUI for configuring various settings in WordPress.",
            "support": {
                "issues": "https://github.com/itmaroon/wpsetting-class-package/issues",
                "source": "https://github.com/itmaroon/wpsetting-class-package/tree/v1.0.3"
            },
            "time": "2025-03-17T11:28:48+00:00"
        }
    ],
    "packages-dev": [],
    "aliases": [],
    "minimum-stability": "stable",
    "stability-flags": [],
    "prefer-stable": false,
    "prefer-lowest": false,
    "platform": [],
    "platform-dev": [],
    "plugin-api-version": "2.6.0"
}
